
Microsoft Visual Studio Solution File, Format Version 12.00
# Visual Studio Version 17
VisualStudioVersion = 17.7.34018.315
MinimumVisualStudioVersion = 10.0.40219.1
Project("{2150E333-8FDC-42A3-9474-1A3956D46DE8}") = "Src", "Src", "{0D09D3B0-102D-45D3-B48F-C0A58EF996CF}"
EndProject
Project("{2150E333-8FDC-42A3-9474-1A3956D46DE8}") = "Core", "Core", "{9BAA1FC8-841C-4479-9F17-A0DB5077F216}"
EndProject
Project("{2150E333-8FDC-42A3-9474-1A3956D46DE8}") = "Infrastructure", "Infrastructure", "{02075D94-2F5E-4D35-A5CE-C501FD508E2F}"
EndProject
Project("{2150E333-8FDC-42A3-9474-1A3956D46DE8}") = "Presentation", "Presentation", "{CACE473B-E516-4869-8A1A-6C6D88BEBF85}"
EndProject
Project("{FAE04EC0-301F-11D3-BF4B-00C04F79EFBC}") = "Domain", "Domain\Domain.csproj", "{AD85D657-ACCC-4D81-A846-4AF3F47326AB}"
EndProject
Project("{FAE04EC0-301F-11D3-BF4B-00C04F79EFBC}") = "Application", "Application\Application.csproj", "{B0CF08D4-AD13-4849-A7E6-CFF886C4B88E}"
EndProject
Project("{FAE04EC0-301F-11D3-BF4B-00C04F79EFBC}") = "Wallet.Api", "Wallet.Api\Wallet.Api.csproj", "{12929D67-4B79-439E-AE72-75264B6D1BF8}"
EndProject
Project("{FAE04EC0-301F-11D3-BF4B-00C04F79EFBC}") = "DataBase", "DataBase\DataBase.csproj", "{EF462DD5-3DBB-4E83-A38D-9AED38F8691C}"
EndProject
Global
	GlobalSection(SolutionConfigurationPlatforms) = preSolution
		Debug|Any CPU = Debug|Any CPU
		Release|Any CPU = Release|Any CPU
	EndGlobalSection
	GlobalSection(ProjectConfigurationPlatforms) = postSolution
		{AD85D657-ACCC-4D81-A846-4AF3F47326AB}.Debug|Any CPU.ActiveCfg = Debug|Any CPU
		{AD85D657-ACCC-4D81-A846-4AF3F47326AB}.Debug|Any CPU.Build.0 = Debug|Any CPU
		{AD85D657-ACCC-4D81-A846-4AF3F47326AB}.Release|Any CPU.ActiveCfg = Release|Any CPU
		{AD85D657-ACCC-4D81-A846-4AF3F47326AB}.Release|Any CPU.Build.0 = Release|Any CPU
		{B0CF08D4-AD13-4849-A7E6-CFF886C4B88E}.Debug|Any CPU.ActiveCfg = Debug|Any CPU
		{B0CF08D4-AD13-4849-A7E6-CFF886C4B88E}.Debug|Any CPU.Build.0 = Debug|Any CPU
		{B0CF08D4-AD13-4849-A7E6-CFF886C4B88E}.Release|Any CPU.ActiveCfg = Release|Any CPU
		{B0CF08D4-AD13-4849-A7E6-CFF886C4B88E}.Release|Any CPU.Build.0 = Release|Any CPU
		{12929D67-4B79-439E-AE72-75264B6D1BF8}.Debug|Any CPU.ActiveCfg = Debug|Any CPU
		{12929D67-4B79-439E-AE72-75264B6D1BF8}.Debug|Any CPU.Build.0 = Debug|Any CPU
		{12929D67-4B79-439E-AE72-75264B6D1BF8}.Release|Any CPU.ActiveCfg = Release|Any CPU
		{12929D67-4B79-439E-AE72-75264B6D1BF8}.Release|Any CPU.Build.0 = Release|Any CPU
		{EF462DD5-3DBB-4E83-A38D-9AED38F8691C}.Debug|Any CPU.ActiveCfg = Debug|Any CPU
		{EF462DD5-3DBB-4E83-A38D-9AED38F8691C}.Debug|Any CPU.Build.0 = Debug|Any CPU
		{EF462DD5-3DBB-4E83-A38D-9AED38F8691C}.Release|Any CPU.ActiveCfg = Release|Any CPU
		{EF462DD5-3DBB-4E83-A38D-9AED38F8691C}.Release|Any CPU.Build.0 = Release|Any CPU
	EndGlobalSection
	GlobalSection(SolutionProperties) = preSolution
		HideSolutionNode = FALSE
	EndGlobalSection
	GlobalSection(NestedProjects) = preSolution
		{9BAA1FC8-841C-4479-9F17-A0DB5077F216} = {0D09D3B0-102D-45D3-B48F-C0A58EF996CF}
		{02075D94-2F5E-4D35-A5CE-C501FD508E2F} = {0D09D3B0-102D-45D3-B48F-C0A58EF996CF}
		{CACE473B-E516-4869-8A1A-6C6D88BEBF85} = {0D09D3B0-102D-45D3-B48F-C0A58EF996CF}
		{AD85D657-ACCC-4D81-A846-4AF3F47326AB} = {9BAA1FC8-841C-4479-9F17-A0DB5077F216}
		{B0CF08D4-AD13-4849-A7E6-CFF886C4B88E} = {9BAA1FC8-841C-4479-9F17-A0DB5077F216}
		{12929D67-4B79-439E-AE72-75264B6D1BF8} = {CACE473B-E516-4869-8A1A-6C6D88BEBF85}
		{EF462DD5-3DBB-4E83-A38D-9AED38F8691C} = {02075D94-2F5E-4D35-A5CE-C501FD508E2F}
	EndGlobalSection
	GlobalSection(ExtensibilityGlobals) = postSolution
		SolutionGuid = {AFD0048C-E3DD-46BC-A4DE-9562C37E4C32}
	EndGlobalSection
EndGlobal
